
Microsoft Visual Studio Solution File, Format Version 12.00
# Visual Studio Version 16
VisualStudioVersion = 16.0.29709.97
MinimumVisualStudioVersion = 10.0.40219.1
Project("{888888A0-9F3D-457C-B088-3A5042F75D52}") = "RustServerAutoUpdate", "RustServerAutoUpdate\RustServerAutoUpdate.pyproj", "{760BE93C-44B6-486F-8E5D-C6A64C5224FF}"
EndProject
Global
	GlobalSection(SolutionConfigurationPlatforms) = preSolution
		Debug|Any CPU = Debug|Any CPU
		Release|Any CPU = Release|Any CPU
	EndGlobalSection
	GlobalSection(ProjectConfigurationPlatforms) = postSolution
		{760BE93C-44B6-486F-8E5D-C6A64C5224FF}.Debug|Any CPU.ActiveCfg = Debug|Any CPU
		{760BE93C-44B6-486F-8E5D-C6A64C5224FF}.Release|Any CPU.ActiveCfg = Release|Any CPU
	EndGlobalSection
	GlobalSection(SolutionProperties) = preSolution
		HideSolutionNode = FALSE
	EndGlobalSection
	GlobalSection(ExtensibilityGlobals) = postSolution
		SolutionGuid = {35E7B794-E1C5-4A3C-BEB7-3FE4AF32CA92}
	EndGlobalSection
EndGlobal
